<?xml version="1.0" encoding="utf-8"?>
<Project ToolsVersion="4.0" xmlns="http://schemas.microsoft.com/developer/msbuild/2003">
  <ItemGroup>
    <ClCompile Include="main.cpp" />
    <ClCompile Include="Jogo\Jogo.cpp">
      <Filter>Jogo</Filter>
    </ClCompile>
    <ClCompile Include="Jogo\Fase\Fase.cpp">
      <Filter>Jogo\Fase</Filter>
    </ClCompile>
    <ClCompile Include="Jogo\Fase\Mapa\Mapa.cpp">
      <Filter>Jogo\Fase\Mapa</Filter>
    </ClCompile>
    <ClCompile Include="Jogo\Fase\Mapa\TileMap\TileMap.cpp">
      <Filter>Jogo\Fase\Mapa\TileMap</Filter>
    </ClCompile>
    <ClCompile Include="ECS\Componentes\Vector2D\Vector2D.cpp">
      <Filter>ECS\Componentes\Vector2D</Filter>
    </ClCompile>
    <ClCompile Include="ECS\Entidade\ListaDeEntidades\ListaDeEntidades.cpp">
      <Filter>ECS\Entidade\ListaDeEntidades</Filter>
    </ClCompile>
    <ClCompile Include="ECS\Entidade\Personagem\Jogador\Jogador.cpp">
      <Filter>ECS\Entidade\Personagem\Jogador</Filter>
    </ClCompile>
    <ClCompile Include="ECS\Entidade\Projetil\Projetil.cpp">
      <Filter>ECS\Entidade\Projétil</Filter>
    </ClCompile>
    <ClCompile Include="Menu\Botao\Botao.cpp">
      <Filter>Menu\Botao</Filter>
    </ClCompile>
    <ClCompile Include="Menu\LeaderboardMenu\LeaderboardMenu.cpp">
      <Filter>Menu\LeaderboardMenu</Filter>
    </ClCompile>
    <ClCompile Include="Menu\LevelMenu\LevelMenu.cpp">
      <Filter>Menu\LevelMenu</Filter>
    </ClCompile>
    <ClCompile Include="Menu\MainMenu\MainMenu.cpp">
      <Filter>Menu\MainMenu</Filter>
    </ClCompile>
    <ClCompile Include="Menu\PauseMenu\PauseMenu.cpp">
      <Filter>Menu\PauseMenu</Filter>
    </ClCompile>
    <ClCompile Include="Menu\SettingsMenu\SettingsMenu.cpp">
      <Filter>Menu\SettingsMenu</Filter>
    </ClCompile>
    <ClCompile Include="ECS\Entidade\Obstaculo\Espinhos\Espinhos.cpp">
      <Filter>ECS\Entidade\Obstaculo\Espinhos</Filter>
    </ClCompile>
    <ClCompile Include="ECS\Entidade\Obstaculo\Tile\Tile.cpp">
      <Filter>ECS\Entidade\Obstaculo\Tile</Filter>
    </ClCompile>
    <ClCompile Include="Jogo\Fase\Boss_Room\Boss_Room.cpp">
      <Filter>Jogo\Fase\Boss_Room</Filter>
    </ClCompile>
    <ClCompile Include="ECS\Gerenciador\GerenciadorDeCamera\GerenciadorDeCamera.cpp">
      <Filter>ECS\Gerenciador\GerenciadorDeCamera</Filter>
    </ClCompile>
    <ClCompile Include="ECS\Gerenciador\GerenciadorDeColisao\GerenciadorDeColisao.cpp">
      <Filter>ECS\Gerenciador\GerenciadorDeColisao</Filter>
    </ClCompile>
    <ClCompile Include="ECS\Gerenciador\GerenciadorGrafico\GerenciadorGrafico.cpp">
      <Filter>ECS\Gerenciador\GerenciadorGrafico</Filter>
    </ClCompile>
    <ClCompile Include="Menu\GameOverMenu\GameOverMenu.cpp">
      <Filter>Menu\GameOverMenu</Filter>
    </ClCompile>
    <ClCompile Include="ECS\Entidade\Obstaculo\Lava\Lava.cpp">
      <Filter>ECS\Entidade\Obstaculo\Lava</Filter>
    </ClCompile>
    <ClCompile Include="ECS\Entidade\Personagem\Inimigo\Esqueleto\Esqueleto.cpp">
      <Filter>ECS\Entidade\Personagem\Inimigo\Esqueleto</Filter>
    </ClCompile>
    <ClCompile Include="ECS\Entidade\Personagem\Inimigo\Goblin\Goblin.cpp">
      <Filter>ECS\Entidade\Personagem\Inimigo\Goblin</Filter>
    </ClCompile>
    <ClCompile Include="Menu\LoadMenu\LoadMenu.cpp">
      <Filter>Menu\LoadMenu</Filter>
    </ClCompile>
    <ClCompile Include="ECS\Gerenciador\GerenciadorDeEventos\GerenciadorDeEventos.cpp">
      <Filter>ECS\Gerenciador\GerenciadorDeEventos</Filter>
    </ClCompile>
    <ClCompile Include="Jogo\TextBox\Textbox.cpp">
      <Filter>Jogo\TextBox</Filter>
    </ClCompile>
    <ClCompile Include="Ente.cpp" />
    <ClCompile Include="Jogo\Fase\Fase1\Fase1.cpp">
      <Filter>Jogo\Fase\Fase1</Filter>
    </ClCompile>
    <ClCompile Include="Jogo\Fase\Fase2\Fase2.cpp">
      <Filter>Jogo\Fase\Fase2</Filter>
    </ClCompile>
    <ClCompile Include="ECS\Entidade\Personagem\Inimigo\Mago\Mago.cpp">
      <Filter>ECS\Entidade\Personagem\Inimigo\Mago</Filter>
    </ClCompile>
  </ItemGroup>
  <ItemGroup>
    <Filter Include="Jogo">
      <UniqueIdentifier>{8df8b5b4-f164-4cd1-a611-1a73ea7d0ea6}</UniqueIdentifier>
    </Filter>
    <Filter Include="Jogo\Fase">
      <UniqueIdentifier>{fdfd6c84-7ccc-441c-bdf4-7f82d7857f23}</UniqueIdentifier>
    </Filter>
    <Filter Include="Jogo\Fase\Mapa">
      <UniqueIdentifier>{b2d70ca4-c0d5-480a-ac55-41d0c7da9c82}</UniqueIdentifier>
    </Filter>
    <Filter Include="Jogo\Fase\Mapa\TileMap">
      <UniqueIdentifier>{eca8c06e-50c4-4f5e-864e-fe85f18e8762}</UniqueIdentifier>
    </Filter>
    <Filter Include="Menu">
      <UniqueIdentifier>{a366b527-e8e0-4709-83b8-2883fb3ab629}</UniqueIdentifier>
    </Filter>
    <Filter Include="Menu\Botao">
      <UniqueIdentifier>{0316bb5b-30ec-4815-b7fb-5c14f3d5fe33}</UniqueIdentifier>
    </Filter>
    <Filter Include="Menu\LeaderboardMenu">
      <UniqueIdentifier>{e0a21f87-9694-4ada-ab01-2db5af543147}</UniqueIdentifier>
    </Filter>
    <Filter Include="Menu\LevelMenu">
      <UniqueIdentifier>{3a322575-7943-458f-97e0-ab7aef14c01d}</UniqueIdentifier>
    </Filter>
    <Filter Include="Menu\MainMenu">
      <UniqueIdentifier>{e4eff23a-ce6e-46f8-9606-d0ca778f10a7}</UniqueIdentifier>
    </Filter>
    <Filter Include="Menu\PauseMenu">
      <UniqueIdentifier>{7fed91cc-91f7-4df7-b342-ac4b9972a0b1}</UniqueIdentifier>
    </Filter>
    <Filter Include="Menu\SettingsMenu">
      <UniqueIdentifier>{8be5a70b-0eb6-4363-985b-1c92bf1f4e94}</UniqueIdentifier>
    </Filter>
    <Filter Include="ECS">
      <UniqueIdentifier>{c0fd2635-ec96-4ee2-916a-fd3fb45d66e3}</UniqueIdentifier>
    </Filter>
    <Filter Include="ECS\Componentes">
      <UniqueIdentifier>{3b8e018f-9765-4c3d-9369-1220fbd303de}</UniqueIdentifier>
    </Filter>
    <Filter Include="ECS\Componentes\ListaDeComponentes">
      <UniqueIdentifier>{1966edea-71ec-48d1-8da8-6d180b6a1c94}</UniqueIdentifier>
    </Filter>
    <Filter Include="ECS\Componentes\SubComponentes">
      <UniqueIdentifier>{133b8ddb-be8a-4d80-a51d-7943eb8b304f}</UniqueIdentifier>
    </Filter>
    <Filter Include="ECS\Componentes\Vector2D">
      <UniqueIdentifier>{b50adb19-8317-4a50-b487-4990bb09a938}</UniqueIdentifier>
    </Filter>
    <Filter Include="ECS\Entidade">
      <UniqueIdentifier>{76b43d52-3a2c-409e-96f2-e5596d3e7c43}</UniqueIdentifier>
    </Filter>
    <Filter Include="ECS\Entidade\ListaDeEntidades">
      <UniqueIdentifier>{fc90d8db-06ee-4aa7-b6cf-3cdf089f88e5}</UniqueIdentifier>
    </Filter>
    <Filter Include="ECS\Entidade\Personagem">
      <UniqueIdentifier>{a733b35b-13b6-4c83-8218-12d60a811f44}</UniqueIdentifier>
    </Filter>
    <Filter Include="ECS\Entidade\Personagem\Inimigo">
      <UniqueIdentifier>{c4062c37-c8b8-4f41-aae5-d44e89ee92a6}</UniqueIdentifier>
    </Filter>
    <Filter Include="ECS\Entidade\Personagem\Jogador">
      <UniqueIdentifier>{8a72a03b-1f08-400b-9ab8-52379ab0fa5d}</UniqueIdentifier>
    </Filter>
    <Filter Include="ECS\Entidade\Projétil">
      <UniqueIdentifier>{39efc323-f8ed-48e9-a9c5-dac49a9da678}</UniqueIdentifier>
    </Filter>
    <Filter Include="ECS\Entidade\Obstaculo">
      <UniqueIdentifier>{be14e524-b1da-4ed8-86fc-a9f330c60df3}</UniqueIdentifier>
    </Filter>
    <Filter Include="ECS\Entidade\Obstaculo\Espinhos">
      <UniqueIdentifier>{f44782bd-0eeb-4612-836b-5a6533cf72ee}</UniqueIdentifier>
    </Filter>
    <Filter Include="ECS\Entidade\Obstaculo\Tile">
      <UniqueIdentifier>{e0b00532-f24d-4949-aa33-3708323cc4ae}</UniqueIdentifier>
    </Filter>
    <Filter Include="ECS\Gerenciador">
      <UniqueIdentifier>{9d441728-caa0-4c4a-98f3-13c02a3c5db1}</UniqueIdentifier>
    </Filter>
    <Filter Include="Jogo\Fase\Boss_Room">
      <UniqueIdentifier>{1b808523-6da1-48b9-8454-9823189a5585}</UniqueIdentifier>
    </Filter>
    <Filter Include="ECS\Gerenciador\GerenciadorDeCamera">
      <UniqueIdentifier>{9cb3f927-e404-4891-95f9-84f5b77986df}</UniqueIdentifier>
    </Filter>
    <Filter Include="ECS\Gerenciador\GerenciadorDeColisao">
      <UniqueIdentifier>{ad8f92a4-7810-4e62-93eb-874bcb5aa48c}</UniqueIdentifier>
    </Filter>
    <Filter Include="ECS\Gerenciador\GerenciadorGrafico">
      <UniqueIdentifier>{84f7373f-3165-448b-8c25-795e993a265a}</UniqueIdentifier>
    </Filter>
    <Filter Include="Menu\GameOverMenu">
      <UniqueIdentifier>{67ca6f47-a51a-418e-8815-303944d99acc}</UniqueIdentifier>
    </Filter>
    <Filter Include="ECS\Entidade\Obstaculo\Lava">
      <UniqueIdentifier>{ed246e23-bcd5-45e2-a3e8-37469d4309ee}</UniqueIdentifier>
    </Filter>
    <Filter Include="ECS\Entidade\Personagem\Inimigo\Esqueleto">
      <UniqueIdentifier>{af30e54a-f985-4bd9-8859-50eec13105df}</UniqueIdentifier>
    </Filter>
    <Filter Include="Menu\LoadMenu">
      <UniqueIdentifier>{d0201c1c-d135-444a-827d-657aab791ae5}</UniqueIdentifier>
    </Filter>
    <Filter Include="ECS\Gerenciador\GerenciadorDeEventos">
      <UniqueIdentifier>{d2e6f2e7-aa51-409d-bec3-9b92abf56b5a}</UniqueIdentifier>
    </Filter>
    <Filter Include="Jogo\TextBox">
      <UniqueIdentifier>{965e78cc-f293-4be1-9f24-b63f37398a72}</UniqueIdentifier>
    </Filter>
    <Filter Include="ECS\Lista">
      <UniqueIdentifier>{9243f502-14a1-464e-86c3-b2782baaec9b}</UniqueIdentifier>
    </Filter>
    <Filter Include="ECS\Entidade\Personagem\Inimigo\Goblin">
      <UniqueIdentifier>{629eb77f-4e2a-473b-9b18-83b7a2388bac}</UniqueIdentifier>
    </Filter>
    <Filter Include="Jogo\Fase\Fase1">
      <UniqueIdentifier>{fcd82f53-9e48-455e-bc3a-b0e1173eb9c5}</UniqueIdentifier>
    </Filter>
    <Filter Include="Jogo\Fase\Fase2">
      <UniqueIdentifier>{9d319c09-a94c-42e5-8275-f3e5deafa3d0}</UniqueIdentifier>
    </Filter>
    <Filter Include="ECS\Entidade\Personagem\Inimigo\Mago">
      <UniqueIdentifier>{bc8c93d8-5821-4005-88ff-f5998fdcff61}</UniqueIdentifier>
    </Filter>
  </ItemGroup>
  <ItemGroup>
    <ClInclude Include="Jogo\Jogo.h">
      <Filter>Jogo</Filter>
    </ClInclude>
    <ClInclude Include="Jogo\Fase\Fase.h">
      <Filter>Jogo\Fase</Filter>
    </ClInclude>
    <ClInclude Include="Jogo\Fase\Mapa\Mapa.h">
      <Filter>Jogo\Fase\Mapa</Filter>
    </ClInclude>
    <ClInclude Include="Jogo\Fase\Mapa\TileMap\TileMap.h">
      <Filter>Jogo\Fase\Mapa\TileMap</Filter>
    </ClInclude>
    <ClInclude Include="ECS\Componentes\Componente.h">
      <Filter>ECS\Componentes</Filter>
    </ClInclude>
    <ClInclude Include="ECS\Componentes\ListaDeComponentes\ListaDeComponentes.h">
      <Filter>ECS\Componentes\ListaDeComponentes</Filter>
    </ClInclude>
    <ClInclude Include="ECS\Componentes\SubComponentes\ComponenteColisao.h">
      <Filter>ECS\Componentes\SubComponentes</Filter>
    </ClInclude>
    <ClInclude Include="ECS\Componentes\SubComponentes\ComponenteSaude.h">
      <Filter>ECS\Componentes\SubComponentes</Filter>
    </ClInclude>
    <ClInclude Include="ECS\Componentes\SubComponentes\ComponenteSprite.h">
      <Filter>ECS\Componentes\SubComponentes</Filter>
    </ClInclude>
    <ClInclude Include="ECS\Componentes\SubComponentes\ComponenteTransform.h">
      <Filter>ECS\Componentes\SubComponentes</Filter>
    </ClInclude>
    <ClInclude Include="ECS\Componentes\Vector2D\Vector2D.h">
      <Filter>ECS\Componentes\Vector2D</Filter>
    </ClInclude>
    <ClInclude Include="ECS\Entidade\Entidade.h">
      <Filter>ECS\Entidade</Filter>
    </ClInclude>
    <ClInclude Include="ECS\Entidade\ListaDeEntidades\ListaDeEntidades.h">
      <Filter>ECS\Entidade\ListaDeEntidades</Filter>
    </ClInclude>
    <ClInclude Include="ECS\Entidade\Personagem\Personagem.h">
      <Filter>ECS\Entidade\Personagem</Filter>
    </ClInclude>
    <ClInclude Include="ECS\Entidade\Personagem\Inimigo\Inimigo.h">
      <Filter>ECS\Entidade\Personagem\Inimigo</Filter>
    </ClInclude>
    <ClInclude Include="ECS\Entidade\Personagem\Jogador\Jogador.h">
      <Filter>ECS\Entidade\Personagem\Jogador</Filter>
    </ClInclude>
    <ClInclude Include="ECS\Entidade\Projetil\Projetil.h">
      <Filter>ECS\Entidade\Projétil</Filter>
    </ClInclude>
    <ClInclude Include="Menu\Menu.h">
      <Filter>Menu</Filter>
    </ClInclude>
    <ClInclude Include="Menu\Botao\Botao.h">
      <Filter>Menu\Botao</Filter>
    </ClInclude>
    <ClInclude Include="Menu\LeaderboardMenu\LeaderboardMenu.h">
      <Filter>Menu\LeaderboardMenu</Filter>
    </ClInclude>
    <ClInclude Include="Menu\LevelMenu\LevelMenu.h">
      <Filter>Menu\LevelMenu</Filter>
    </ClInclude>
    <ClInclude Include="Menu\MainMenu\MainMenu.h">
      <Filter>Menu\MainMenu</Filter>
    </ClInclude>
    <ClInclude Include="Menu\PauseMenu\PauseMenu.h">
      <Filter>Menu\PauseMenu</Filter>
    </ClInclude>
    <ClInclude Include="Menu\SettingsMenu\SettingsMenu.h">
      <Filter>Menu\SettingsMenu</Filter>
    </ClInclude>
    <ClInclude Include="ECS\Entidade\Obstaculo\Obstaculo.h">
      <Filter>ECS\Entidade\Obstaculo</Filter>
    </ClInclude>
    <ClInclude Include="ECS\Entidade\Obstaculo\Espinhos\Espinhos.h">
      <Filter>ECS\Entidade\Obstaculo\Espinhos</Filter>
    </ClInclude>
    <ClInclude Include="Ente.h" />
    <ClInclude Include="ECS\Entidade\Obstaculo\Tile\Tile.h">
      <Filter>ECS\Entidade\Obstaculo\Tile</Filter>
    </ClInclude>
    <ClInclude Include="Jogo\Fase\Boss_Room\Boss_Room.h">
      <Filter>Jogo\Fase\Boss_Room</Filter>
    </ClInclude>
    <ClInclude Include="ECS\Gerenciador\GerenciadorDeCamera\GerenciadorDeCamera.h">
      <Filter>ECS\Gerenciador\GerenciadorDeCamera</Filter>
    </ClInclude>
    <ClInclude Include="ECS\Gerenciador\GerenciadorDeColisao\GerenciadorDeColisao.h">
      <Filter>ECS\Gerenciador\GerenciadorDeColisao</Filter>
    </ClInclude>
    <ClInclude Include="ECS\Gerenciador\GerenciadorGrafico\GerenciadorGrafico.h">
      <Filter>ECS\Gerenciador\GerenciadorGrafico</Filter>
    </ClInclude>
    <ClInclude Include="Menu\GameOverMenu\GameOverMenu.h">
      <Filter>Menu\GameOverMenu</Filter>
    </ClInclude>
    <ClInclude Include="ECS\Entidade\Obstaculo\Lava\Lava.h">
      <Filter>ECS\Entidade\Obstaculo\Lava</Filter>
    </ClInclude>
    <ClInclude Include="ECS\Entidade\Personagem\Inimigo\Esqueleto\Esqueleto.h">
      <Filter>ECS\Entidade\Personagem\Inimigo\Esqueleto</Filter>
    </ClInclude>
    <ClInclude Include="ECS\Entidade\Personagem\Inimigo\Goblin\Goblin.h">
      <Filter>ECS\Entidade\Personagem\Inimigo\Goblin</Filter>
    </ClInclude>
    <ClInclude Include="Menu\LoadMenu\LoadMenu.h">
      <Filter>Menu\LoadMenu</Filter>
    </ClInclude>
    <ClInclude Include="ECS\Gerenciador\GerenciadorDeEventos\GerenciadorDeEventos.h">
      <Filter>ECS\Gerenciador\GerenciadorDeEventos</Filter>
    </ClInclude>
    <ClInclude Include="Menu\MenuEnte.h">
      <Filter>Menu</Filter>
    </ClInclude>
    <ClInclude Include="Jogo\TextBox\Textbox.h">
      <Filter>Jogo\TextBox</Filter>
    </ClInclude>
    <ClInclude Include="ECS\Lista\Lista.h">
      <Filter>ECS\Lista</Filter>
    </ClInclude>
    <ClInclude Include="Jogo\Fase\Fase1\Fase1.h">
      <Filter>Jogo\Fase\Fase1</Filter>
    </ClInclude>
    <ClInclude Include="Jogo\Fase\Fase2\Fase2.h">
      <Filter>Jogo\Fase\Fase2</Filter>
    </ClInclude>
    <ClInclude Include="ECS\Entidade\Personagem\Inimigo\Mago\Mago.h">
      <Filter>ECS\Entidade\Personagem\Inimigo\Mago</Filter>
    </ClInclude>
  </ItemGroup>
</Project>